<Solution>
  <Folder Name="/src/">
    <Project Path="src/Aura.Journal.Core/Aura.Journal.Core.csproj" />
    <Project Path="src/Aura.Journal.Application/Aura.Journal.Application.csproj" />
    <Project Path="src/Aura.Journal.Infrastructure/Aura.Journal.Infrastructure.csproj" />
  </Folder>
  <Folder Name="/test/">
    <Project Path="test/Aura.Journal.Application.Tests/Aura.Journal.Application.Tests.csproj" />
    <Project Path="test/Aura.Journal.Infrastructure.Tests/Aura.Journal.Infrastructure.Tests.csproj" />
  </Folder>
</Solution>
